// !$*UTF8*$!
{
	archiveVersion = 1;
	classes = {
	};
	objectVersion = 50;
	objects = {

/* Begin PBXBuildFile section */
		07FECB2722D643FD00800370 /* AppDelegate.swift in Sources */ = {isa = PBXBuildFile; fileRef = 07FECB2622D643FD00800370 /* AppDelegate.swift */; };
		07FECB2922D643FD00800370 /* ViewController.swift in Sources */ = {isa = PBXBuildFile; fileRef = 07FECB2822D643FD00800370 /* ViewController.swift */; };
		07FECB2C22D643FD00800370 /* Main.storyboard in Resources */ = {isa = PBXBuildFile; fileRef = 07FECB2A22D643FD00800370 /* Main.storyboard */; };
		07FECB2E22D643FE00800370 /* Assets.xcassets in Resources */ = {isa = PBXBuildFile; fileRef = 07FECB2D22D643FE00800370 /* Assets.xcassets */; };
		07FECB3122D643FE00800370 /* LaunchScreen.storyboard in Resources */ = {isa = PBXBuildFile; fileRef = 07FECB2F22D643FE00800370 /* LaunchScreen.storyboard */; };
		07FECB3C22D643FE00800370 /* Pizza_HunterTests.swift in Sources */ = {isa = PBXBuildFile; fileRef = 07FECB3B22D643FE00800370 /* Pizza_HunterTests.swift */; };
		07FECB4722D643FE00800370 /* Pizza_HunterUITests.swift in Sources */ = {isa = PBXBuildFile; fileRef = 07FECB4622D643FE00800370 /* Pizza_HunterUITests.swift */; };
/* End PBXBuildFile section */

/* Begin PBXContainerItemProxy section */
		07FECB3822D643FE00800370 /* PBXContainerItemProxy */ = {
			isa = PBXContainerItemProxy;
			containerPortal = 07FECB1B22D643FD00800370 /* Project object */;
			proxyType = 1;
			remoteGlobalIDString = 07FECB2222D643FD00800370;
			remoteInfo = "Pizza Hunter";
		};
		07FECB4322D643FE00800370 /* PBXContainerItemProxy */ = {
			isa = PBXContainerItemProxy;
			containerPortal = 07FECB1B22D643FD00800370 /* Project object */;
			proxyType = 1;
			remoteGlobalIDString = 07FECB2222D643FD00800370;
			remoteInfo = "Pizza Hunter";
		};
/* End PBXContainerItemProxy section */

/* Begin PBXFileReference section */
		07FECB2322D643FD00800370 /* Pizza Hunter.app */ = {isa = PBXFileReference; explicitFileType = wrapper.application; includeInIndex = 0; path = "Pizza Hunter.app"; sourceTree = BUILT_PRODUCTS_DIR; };
		07FECB2622D643FD00800370 /* AppDelegate.swift */ = {isa = PBXFileReference; lastKnownFileType = sourcecode.swift; path = AppDelegate.swift; sourceTree = "<group>"; };
		07FECB2822D643FD00800370 /* ViewController.swift */ = {isa = PBXFileReference; lastKnownFileType = sourcecode.swift; path = ViewController.swift; sourceTree = "<group>"; };
		07FECB2B22D643FD00800370 /* Base */ = {isa = PBXFileReference; lastKnownFileType = file.storyboard; name = Base; path = Base.lproj/Main.storyboard; sourceTree = "<group>"; };
		07FECB2D22D643FE00800370 /* Assets.xcassets */ = {isa = PBXFileReference; lastKnownFileType = folder.assetcatalog; path = Assets.xcassets; sourceTree = "<group>"; };
		07FECB3022D643FE00800370 /* Base */ = {isa = PBXFileReference; lastKnownFileType = file.storyboard; name = Base; path = Base.lproj/LaunchScreen.storyboard; sourceTree = "<group>"; };
		07FECB3222D643FE00800370 /* Info.plist */ = {isa = PBXFileReference; lastKnownFileType = text.plist.xml; path = Info.plist; sourceTree = "<group>"; };
		07FECB3722D643FE00800370 /* Pizza HunterTests.xctest */ = {isa = PBXFileReference; explicitFileType = wrapper.cfbundle; includeInIndex = 0; path = "Pizza HunterTests.xctest"; sourceTree = BUILT_PRODUCTS_DIR; };
		07FECB3B22D643FE00800370 /* Pizza_HunterTests.swift */ = {isa = PBXFileReference; lastKnownFileType = sourcecode.swift; path = Pizza_HunterTests.swift; sourceTree = "<group>"; };
		07FECB3D22D643FE00800370 /* Info.plist */ = {isa = PBXFileReference; lastKnownFileType = text.plist.xml; path = Info.plist; sourceTree = "<group>"; };
		07FECB4222D643FE00800370 /* Pizza HunterUITests.xctest */ = {isa = PBXFileReference; explicitFileType = wrapper.cfbundle; includeInIndex = 0; path = "Pizza HunterUITests.xctest"; sourceTree = BUILT_PRODUCTS_DIR; };
		07FECB4622D643FE00800370 /* Pizza_HunterUITests.swift */ = {isa = PBXFileReference; lastKnownFileType = sourcecode.swift; path = Pizza_HunterUITests.swift; sourceTree = "<group>"; };
		07FECB4822D643FE00800370 /* Info.plist */ = {isa = PBXFileReference; lastKnownFileType = text.plist.xml; path = Info.plist; sourceTree = "<group>"; };
/* End PBXFileReference section */

/* Begin PBXFrameworksBuildPhase section */
		07FECB2022D643FD00800370 /* Frameworks */ = {
			isa = PBXFrameworksBuildPhase;
			buildActionMask = 2147483647;
			files = (
			);
			runOnlyForDeploymentPostprocessing = 0;
		};
		07FECB3422D643FE00800370 /* Frameworks */ = {
			isa = PBXFrameworksBuildPhase;
			buildActionMask = 2147483647;
			files = (
			);
			runOnlyForDeploymentPostprocessing = 0;
		};
		07FECB3F22D643FE00800370 /* Frameworks */ = {
			isa = PBXFrameworksBuildPhase;
			buildActionMask = 2147483647;
			files = (
			);
			runOnlyForDeploymentPostprocessing = 0;
		};
/* End PBXFrameworksBuildPhase section */

/* Begin PBXGroup section */
		07FECB1A22D643FD00800370 = {
			isa = PBXGroup;
			children = (
				07FECB2522D643FD00800370 /* Pizza Hunter */,
				07FECB3A22D643FE00800370 /* Pizza HunterTests */,
				07FECB4522D643FE00800370 /* Pizza HunterUITests */,
				07FECB2422D643FD00800370 /* Products */,
			);
			sourceTree = "<group>";
		};
		07FECB2422D643FD00800370 /* Products */ = {
			isa = PBXGroup;
			children = (
				07FECB2322D643FD00800370 /* Pizza Hunter.app */,
				07FECB3722D643FE00800370 /* Pizza HunterTests.xctest */,
				07FECB4222D643FE00800370 /* Pizza HunterUITests.xctest */,
			);
			name = Products;
			sourceTree = "<group>";
		};
		07FECB2522D643FD00800370 /* Pizza Hunter */ = {
			isa = PBXGroup;
			children = (
				07FECB2622D643FD00800370 /* AppDelegate.swift */,
				07FECB2822D643FD00800370 /* ViewController.swift */,
				07FECB2A22D643FD00800370 /* Main.storyboard */,
				07FECB2D22D643FE00800370 /* Assets.xcassets */,
				07FECB2F22D643FE00800370 /* LaunchScreen.storyboard */,
				07FECB3222D643FE00800370 /* Info.plist */,
			);
			path = "Pizza Hunter";
			sourceTree = "<group>";
		};
		07FECB3A22D643FE00800370 /* Pizza HunterTests */ = {
			isa = PBXGroup;
			children = (
				07FECB3B22D643FE00800370 /* Pizza_HunterTests.swift */,
				07FECB3D22D643FE00800370 /* Info.plist */,
			);
			path = "Pizza HunterTests";
			sourceTree = "<group>";
		};
		07FECB4522D643FE00800370 /* Pizza HunterUITests */ = {
			isa = PBXGroup;
			children = (
				07FECB4622D643FE00800370 /* Pizza_HunterUITests.swift */,
				07FECB4822D643FE00800370 /* Info.plist */,
			);
			path = "Pizza HunterUITests";
			sourceTree = "<group>";
		};
/* End PBXGroup section */

/* Begin PBXNativeTarget section */
		07FECB2222D643FD00800370 /* Pizza Hunter */ = {
			isa = PBXNativeTarget;
			buildConfigurationList = 07FECB4B22D643FE00800370 /* Build configuration list for PBXNativeTarget "Pizza Hunter" */;
			buildPhases = (
				07FECB1F22D643FD00800370 /* Sources */,
				07FECB2022D643FD00800370 /* Frameworks */,
				07FECB2122D643FD00800370 /* Resources */,
			);
			buildRules = (
			);
			dependencies = (
			);
			name = "Pizza Hunter";
			productName = "Pizza Hunter";
			productReference = 07FECB2322D643FD00800370 /* Pizza Hunter.app */;
			productType = "com.apple.product-type.application";
		};
		07FECB3622D643FE00800370 /* Pizza HunterTests */ = {
			isa = PBXNativeTarget;
			buildConfigurationList = 07FECB4E22D643FE00800370 /* Build configuration list for PBXNativeTarget "Pizza HunterTests" */;
			buildPhases = (
				07FECB3322D643FE00800370 /* Sources */,
				07FECB3422D643FE00800370 /* Frameworks */,
				07FECB3522D643FE00800370 /* Resources */,
			);
			buildRules = (
			);
			dependencies = (
				07FECB3922D643FE00800370 /* PBXTargetDependency */,
			);
			name = "Pizza HunterTests";
			productName = "Pizza HunterTests";
			productReference = 07FECB3722D643FE00800370 /* Pizza HunterTests.xctest */;
			productType = "com.apple.product-type.bundle.unit-test";
		};
		07FECB4122D643FE00800370 /* Pizza HunterUITests */ = {
			isa = PBXNativeTarget;
			buildConfigurationList = 07FECB5122D643FE00800370 /* Build configuration list for PBXNativeTarget "Pizza HunterUITests" */;
			buildPhases = (
				07FECB3E22D643FE00800370 /* Sources */,
				07FECB3F22D643FE00800370 /* Frameworks */,
				07FECB4022D643FE00800370 /* Resources */,
			);
			buildRules = (
			);
			dependencies = (
				07FECB4422D643FE00800370 /* PBXTargetDependency */,
			);
			name = "Pizza HunterUITests";
			productName = "Pizza HunterUITests";
			productReference = 07FECB4222D643FE00800370 /* Pizza HunterUITests.xctest */;
			productType = "com.apple.product-type.bundle.ui-testing";
		};
/* End PBXNativeTarget section */

/* Begin PBXProject section */
		07FECB1B22D643FD00800370 /* Project object */ = {
			isa = PBXProject;
			attributes = {
				LastSwiftUpdateCheck = 1020;
				LastUpgradeCheck = 1020;
				ORGANIZATIONNAME = "Carlo Saraniti";
				TargetAttributes = {
					07FECB2222D643FD00800370 = {
						CreatedOnToolsVersion = 10.2.1;
					};
					07FECB3622D643FE00800370 = {
						CreatedOnToolsVersion = 10.2.1;
						TestTargetID = 07FECB2222D643FD00800370;
					};
					07FECB4122D643FE00800370 = {
						CreatedOnToolsVersion = 10.2.1;
						TestTargetID = 07FECB2222D643FD00800370;
					};
				};
			};
			buildConfigurationList = 07FECB1E22D643FD00800370 /* Build configuration list for PBXProject "Pizza Hunter" */;
			compatibilityVersion = "Xcode 9.3";
			developmentRegion = en;
			hasScannedForEncodings = 0;
			knownRegions = (
				en,
				Base,
			);
			mainGroup = 07FECB1A22D643FD00800370;
			productRefGroup = 07FECB2422D643FD00800370 /* Products */;
			projectDirPath = "";
			projectRoot = "";
			targets = (
				07FECB2222D643FD00800370 /* Pizza Hunter */,
				07FECB3622D643FE00800370 /* Pizza HunterTests */,
				07FECB4122D643FE00800370 /* Pizza HunterUITests */,
			);
		};
/* End PBXProject section */

/* Begin PBXResourcesBuildPhase section */
		07FECB2122D643FD00800370 /* Resources */ = {
			isa = PBXResourcesBuildPhase;
			buildActionMask = 2147483647;
			files = (
				07FECB3122D643FE00800370 /* LaunchScreen.storyboard in Resources */,
				07FECB2E22D643FE00800370 /* Assets.xcassets in Resources */,
				07FECB2C22D643FD00800370 /* Main.storyboard in Resources */,
			);
			runOnlyForDeploymentPostprocessing = 0;
		};
		07FECB3522D643FE00800370 /* Resources */ = {
			isa = PBXResourcesBuildPhase;
			buildActionMask = 2147483647;
			files = (
			);
			runOnlyForDeploymentPostprocessing = 0;
		};
		07FECB4022D643FE00800370 /* Resources */ = {
			isa = PBXResourcesBuildPhase;
			buildActionMask = 2147483647;
			files = (
			);
			runOnlyForDeploymentPostprocessing = 0;
		};
/* End PBXResourcesBuildPhase section */

/* Begin PBXSourcesBuildPhase section */
		07FECB1F22D643FD00800370 /* Sources */ = {
			isa = PBXSourcesBuildPhase;
			buildActionMask = 2147483647;
			files = (
				07FECB2922D643FD00800370 /* ViewController.swift in Sources */,
				07FECB2722D643FD00800370 /* AppDelegate.swift in Sources */,
			);
			runOnlyForDeploymentPostprocessing = 0;
		};
		07FECB3322D643FE00800370 /* Sources */ = {
			isa = PBXSourcesBuildPhase;
			buildActionMask = 2147483647;
			files = (
				07FECB3C22D643FE00800370 /* Pizza_HunterTests.swift in Sources */,
			);
			runOnlyForDeploymentPostprocessing = 0;
		};
		07FECB3E22D643FE00800370 /* Sources */ = {
			isa = PBXSourcesBuildPhase;
			buildActionMask = 2147483647;
			files = (
				07FECB4722D643FE00800370 /* Pizza_HunterUITests.swift in Sources */,
			);
			runOnlyForDeploymentPostprocessing = 0;
		};
/* End PBXSourcesBuildPhase section */

/* Begin PBXTargetDependency section */
		07FECB3922D643FE00800370 /* PBXTargetDependency */ = {
			isa = PBXTargetDependency;
			target = 07FECB2222D643FD00800370 /* Pizza Hunter */;
			targetProxy = 07FECB3822D643FE00800370 /* PBXContainerItemProxy */;
		};
		07FECB4422D643FE00800370 /* PBXTargetDependency */ = {
			isa = PBXTargetDependency;
			target = 07FECB2222D643FD00800370 /* Pizza Hunter */;
			targetProxy = 07FECB4322D643FE00800370 /* PBXContainerItemProxy */;
		};
/* End PBXTargetDependency section */

/* Begin PBXVariantGroup section */
		07FECB2A22D643FD00800370 /* Main.storyboard */ = {
			isa = PBXVariantGroup;
			children = (
				07FECB2B22D643FD00800370 /* Base */,
			);
			name = Main.storyboard;
			sourceTree = "<group>";
		};
		07FECB2F22D643FE00800370 /* LaunchScreen.storyboard */ = {
			isa = PBXVariantGroup;
			children = (
				07FECB3022D643FE00800370 /* Base */,
			);
			name = LaunchScreen.storyboard;
			sourceTree = "<group>";
		};
/* End PBXVariantGroup section */

/* Begin XCBuildConfiguration section */
		07FECB4922D643FE00800370 /* Debug */ = {
			isa = XCBuildConfiguration;
			buildSettings = {
				ALWAYS_SEARCH_USER_PATHS = NO;
				CLANG_ANALYZER_NONNULL = YES;
				CLANG_ANALYZER_NUMBER_OBJECT_CONVERSION = YES_AGGRESSIVE;
				CLANG_CXX_LANGUAGE_STANDARD = "gnu++14";
				CLANG_CXX_LIBRARY = "libc++";
				CLANG_ENABLE_MODULES = YES;
				CLANG_ENABLE_OBJC_ARC = YES;
				CLANG_ENABLE_OBJC_WEAK = YES;
				CLANG_WARN_BLOCK_CAPTURE_AUTORELEASING = YES;
				CLANG_WARN_BOOL_CONVERSION = YES;
				CLANG_WARN_COMMA = YES;
				CLANG_WARN_CONSTANT_CONVERSION = YES;
				CLANG_WARN_DEPRECATED_OBJC_IMPLEMENTATIONS = YES;
				CLANG_WARN_DIRECT_OBJC_ISA_USAGE = YES_ERROR;
				CLANG_WARN_DOCUMENTATION_COMMENTS = YES;
				CLANG_WARN_EMPTY_BODY = YES;
				CLANG_WARN_ENUM_CONVERSION = YES;
				CLANG_WARN_INFINITE_RECURSION = YES;
				CLANG_WARN_INT_CONVERSION = YES;
				CLANG_WARN_NON_LITERAL_NULL_CONVERSION = YES;
				CLANG_WARN_OBJC_IMPLICIT_RETAIN_SELF = YES;
				CLANG_WARN_OBJC_LITERAL_CONVERSION = YES;
				CLANG_WARN_OBJC_ROOT_CLASS = YES_ERROR;
				CLANG_WARN_RANGE_LOOP_ANALYSIS = YES;
				CLANG_WARN_STRICT_PROTOTYPES = YES;
				CLANG_WARN_SUSPICIOUS_MOVE = YES;
				CLANG_WARN_UNGUARDED_AVAILABILITY = YES_AGGRESSIVE;
				CLANG_WARN_UNREACHABLE_CODE = YES;
				CLANG_WARN__DUPLICATE_METHOD_MATCH = YES;
				CODE_SIGN_IDENTITY = "iPhone Developer";
				COPY_PHASE_STRIP = NO;
				DEBUG_INFORMATION_FORMAT = dwarf;
				ENABLE_STRICT_OBJC_MSGSEND = YES;
				ENABLE_TESTABILITY = YES;
				GCC_C_LANGUAGE_STANDARD = gnu11;
				GCC_DYNAMIC_NO_PIC = NO;
				GCC_NO_COMMON_BLOCKS = YES;
				GCC_OPTIMIZATION_LEVEL = 0;
				GCC_PREPROCESSOR_DEFINITIONS = (
					"DEBUG=1",
					"$(inherited)",
				);
				GCC_WARN_64_TO_32_BIT_CONVERSION = YES;
				GCC_WARN_ABOUT_RETURN_TYPE = YES_ERROR;
				GCC_WARN_UNDECLARED_SELECTOR = YES;
				GCC_WARN_UNINITIALIZED_AUTOS = YES_AGGRESSIVE;
				GCC_WARN_UNUSED_FUNCTION = YES;
				GCC_WARN_UNUSED_VARIABLE = YES;
				IPHONEOS_DEPLOYMENT_TARGET = 12.2;
				MTL_ENABLE_DEBUG_INFO = INCLUDE_SOURCE;
				MTL_FAST_MATH = YES;
				ONLY_ACTIVE_ARCH = YES;
				SDKROOT = iphoneos;
				SWIFT_ACTIVE_COMPILATION_CONDITIONS = DEBUG;
				SWIFT_OPTIMIZATION_LEVEL = "-Onone";
			};
			name = Debug;
		};
		07FECB4A22D643FE00800370 /* Release */ = {
			isa = XCBuildConfiguration;
			buildSettings = {
				ALWAYS_SEARCH_USER_PATHS = NO;
				CLANG_ANALYZER_NONNULL = YES;
				CLANG_ANALYZER_NUMBER_OBJECT_CONVERSION = YES_AGGRESSIVE;
				CLANG_CXX_LANGUAGE_STANDARD = "gnu++14";
				CLANG_CXX_LIBRARY = "libc++";
				CLANG_ENABLE_MODULES = YES;
				CLANG_ENABLE_OBJC_ARC = YES;
				CLANG_ENABLE_OBJC_WEAK = YES;
				CLANG_WARN_BLOCK_CAPTURE_AUTORELEASING = YES;
				CLANG_WARN_BOOL_CONVERSION = YES;
				CLANG_WARN_COMMA = YES;
				CLANG_WARN_CONSTANT_CONVERSION = YES;
				CLANG_WARN_DEPRECATED_OBJC_IMPLEMENTATIONS = YES;
				CLANG_WARN_DIRECT_OBJC_ISA_USAGE = YES_ERROR;
				CLANG_WARN_DOCUMENTATION_COMMENTS = YES;
				CLANG_WARN_EMPTY_BODY = YES;
				CLANG_WARN_ENUM_CONVERSION = YES;
				CLANG_WARN_INFINITE_RECURSION = YES;
				CLANG_WARN_INT_CONVERSION = YES;
				CLANG_WARN_NON_LITERAL_NULL_CONVERSION = YES;
				CLANG_WARN_OBJC_IMPLICIT_RETAIN_SELF = YES;
				CLANG_WARN_OBJC_LITERAL_CONVERSION = YES;
				CLANG_WARN_OBJC_ROOT_CLASS = YES_ERROR;
				CLANG_WARN_RANGE_LOOP_ANALYSIS = YES;
				CLANG_WARN_STRICT_PROTOTYPES = YES;
				CLANG_WARN_SUSPICIOUS_MOVE = YES;
				CLANG_WARN_UNGUARDED_AVAILABILITY = YES_AGGRESSIVE;
				CLANG_WARN_UNREACHABLE_CODE = YES;
				CLANG_WARN__DUPLICATE_METHOD_MATCH = YES;
				CODE_SIGN_IDENTITY = "iPhone Developer";
				COPY_PHASE_STRIP = NO;
				DEBUG_INFORMATION_FORMAT = "dwarf-with-dsym";
				ENABLE_NS_ASSERTIONS = NO;
				ENABLE_STRICT_OBJC_MSGSEND = YES;
				GCC_C_LANGUAGE_STANDARD = gnu11;
				GCC_NO_COMMON_BLOCKS = YES;
				GCC_WARN_64_TO_32_BIT_CONVERSION = YES;
				GCC_WARN_ABOUT_RETURN_TYPE = YES_ERROR;
				GCC_WARN_UNDECLARED_SELECTOR = YES;
				GCC_WARN_UNINITIALIZED_AUTOS = YES_AGGRESSIVE;
				GCC_WARN_UNUSED_FUNCTION = YES;
				GCC_WARN_UNUSED_VARIABLE = YES;
				IPHONEOS_DEPLOYMENT_TARGET = 12.2;
				MTL_ENABLE_DEBUG_INFO = NO;
				MTL_FAST_MATH = YES;
				SDKROOT = iphoneos;
				SWIFT_COMPILATION_MODE = wholemodule;
				SWIFT_OPTIMIZATION_LEVEL = "-O";
				VALIDATE_PRODUCT = YES;
			};
			name = Release;
		};
		07FECB4C22D643FE00800370 /* Debug */ = {
			isa = XCBuildConfiguration;
			buildSettings = {
				ASSETCATALOG_COMPILER_APPICON_NAME = AppIcon;
				CODE_SIGN_STYLE = Automatic;
				INFOPLIST_FILE = "Pizza Hunter/Info.plist";
				LD_RUNPATH_SEARCH_PATHS = (
					"$(inherited)",
					"@executable_path/Frameworks",
				);
				PRODUCT_BUNDLE_IDENTIFIER = "Carlo-s-Calculator-Emporium.Pizza-Hunter";
				PRODUCT_NAME = "$(TARGET_NAME)";
				SWIFT_VERSION = 5.0;
				TARGETED_DEVICE_FAMILY = "1,2";
			};
			name = Debug;
		};
		07FECB4D22D643FE00800370 /* Release */ = {
			isa = XCBuildConfiguration;
			buildSettings = {
				ASSETCATALOG_COMPILER_APPICON_NAME = AppIcon;
				CODE_SIGN_STYLE = Automatic;
				INFOPLIST_FILE = "Pizza Hunter/Info.plist";
				LD_RUNPATH_SEARCH_PATHS = (
					"$(inherited)",
					"@executable_path/Frameworks",
				);
				PRODUCT_BUNDLE_IDENTIFIER = "Carlo-s-Calculator-Emporium.Pizza-Hunter";
				PRODUCT_NAME = "$(TARGET_NAME)";
				SWIFT_VERSION = 5.0;
				TARGETED_DEVICE_FAMILY = "1,2";
			};
			name = Release;
		};
		07FECB4F22D643FE00800370 /* Debug */ = {
			isa = XCBuildConfiguration;
			buildSettings = {
				ALWAYS_EMBED_SWIFT_STANDARD_LIBRARIES = YES;
				BUNDLE_LOADER = "$(TEST_HOST)";
				CODE_SIGN_STYLE = Automatic;
				INFOPLIST_FILE = "Pizza HunterTests/Info.plist";
				LD_RUNPATH_SEARCH_PATHS = (
					"$(inherited)",
					"@executable_path/Frameworks",
					"@loader_path/Frameworks",
				);
				PRODUCT_BUNDLE_IDENTIFIER = "Carlo-s-Calculator-Emporium.Pizza-HunterTests";
				PRODUCT_NAME = "$(TARGET_NAME)";
				SWIFT_VERSION = 5.0;
				TARGETED_DEVICE_FAMILY = "1,2";
				TEST_HOST = "$(BUILT_PRODUCTS_DIR)/Pizza Hunter.app/Pizza Hunter";
			};
			name = Debug;
		};
		07FECB5022D643FE00800370 /* Release */ = {
			isa = XCBuildConfiguration;
			buildSettings = {
				ALWAYS_EMBED_SWIFT_STANDARD_LIBRARIES = YES;
				BUNDLE_LOADER = "$(TEST_HOST)";
				CODE_SIGN_STYLE = Automatic;
				INFOPLIST_FILE = "Pizza HunterTests/Info.plist";
				LD_RUNPATH_SEARCH_PATHS = (
					"$(inherited)",
					"@executable_path/Frameworks",
					"@loader_path/Frameworks",
				);
				PRODUCT_BUNDLE_IDENTIFIER = "Carlo-s-Calculator-Emporium.Pizza-HunterTests";
				PRODUCT_NAME = "$(TARGET_NAME)";
				SWIFT_VERSION = 5.0;
				TARGETED_DEVICE_FAMILY = "1,2";
				TEST_HOST = "$(BUILT_PRODUCTS_DIR)/Pizza Hunter.app/Pizza Hunter";
			};
			name = Release;
		};
		07FECB5222D643FE00800370 /* Debug */ = {
			isa = XCBuildConfiguration;
			buildSettings = {
				ALWAYS_EMBED_SWIFT_STANDARD_LIBRARIES = YES;
				CODE_SIGN_STYLE = Automatic;
				INFOPLIST_FILE = "Pizza HunterUITests/Info.plist";
				LD_RUNPATH_SEARCH_PATHS = (
					"$(inherited)",
					"@executable_path/Frameworks",
					"@loader_path/Frameworks",
				);
				PRODUCT_BUNDLE_IDENTIFIER = "Carlo-s-Calculator-Emporium.Pizza-HunterUITests";
				PRODUCT_NAME = "$(TARGET_NAME)";
				SWIFT_VERSION = 5.0;
				TARGETED_DEVICE_FAMILY = "1,2";
				TEST_TARGET_NAME = "Pizza Hunter";
			};
			name = Debug;
		};
		07FECB5322D643FE00800370 /* Release */ = {
			isa = XCBuildConfiguration;
			buildSettings = {
				ALWAYS_EMBED_SWIFT_STANDARD_LIBRARIES = YES;
				CODE_SIGN_STYLE = Automatic;
				INFOPLIST_FILE = "Pizza HunterUITests/Info.plist";
				LD_RUNPATH_SEARCH_PATHS = (
					"$(inherited)",
					"@executable_path/Frameworks",
					"@loader_path/Frameworks",
				);
				PRODUCT_BUNDLE_IDENTIFIER = "Carlo-s-Calculator-Emporium.Pizza-HunterUITests";
				PRODUCT_NAME = "$(TARGET_NAME)";
				SWIFT_VERSION = 5.0;
				TARGETED_DEVICE_FAMILY = "1,2";
				TEST_TARGET_NAME = "Pizza Hunter";
			};
			name = Release;
		};
/* End XCBuildConfiguration section */

/* Begin XCConfigurationList section */
		07FECB1E22D643FD00800370 /* Build configuration list for PBXProject "Pizza Hunter" */ = {
			isa = XCConfigurationList;
			buildConfigurations = (
				07FECB4922D643FE00800370 /* Debug */,
				07FECB4A22D643FE00800370 /* Release */,
			);
			defaultConfigurationIsVisible = 0;
			defaultConfigurationName = Release;
		};
		07FECB4B22D643FE00800370 /* Build configuration list for PBXNativeTarget "Pizza Hunter" */ = {
			isa = XCConfigurationList;
			buildConfigurations = (
				07FECB4C22D643FE00800370 /* Debug */,
				07FECB4D22D643FE00800370 /* Release */,
			);
			defaultConfigurationIsVisible = 0;
			defaultConfigurationName = Release;
		};
		07FECB4E22D643FE00800370 /* Build configuration list for PBXNativeTarget "Pizza HunterTests" */ = {
			isa = XCConfigurationList;
			buildConfigurations = (
				07FECB4F22D643FE00800370 /* Debug */,
				07FECB5022D643FE00800370 /* Release */,
			);
			defaultConfigurationIsVisible = 0;
			defaultConfigurationName = Release;
		};
		07FECB5122D643FE00800370 /* Build configuration list for PBXNativeTarget "Pizza HunterUITests" */ = {
			isa = XCConfigurationList;
			buildConfigurations = (
				07FECB5222D643FE00800370 /* Debug */,
				07FECB5322D643FE00800370 /* Release */,
			);
			defaultConfigurationIsVisible = 0;
			defaultConfigurationName = Release;
		};
/* End XCConfigurationList section */
	};
	rootObject = 07FECB1B22D643FD00800370 /* Project object */;
}
